// !$*UTF8*$!
{
	archiveVersion = 1;
	classes = {
	};
	objectVersion = 55;
	objects = {

/* Begin PBXBuildFile section */
		87AF580127ABBBA800F8FEC2 /* CombineCocoa in Frameworks */ = {isa = PBXBuildFile; productRef = 87AF580027ABBBA800F8FEC2 /* CombineCocoa */; };
		87AF580427ABBBE700F8FEC2 /* CombineRequest in Frameworks */ = {isa = PBXBuildFile; productRef = 87AF580327ABBBE700F8FEC2 /* CombineRequest */; };
		87AF580727ABBBF800F8FEC2 /* ConvertSwift in Frameworks */ = {isa = PBXBuildFile; productRef = 87AF580627ABBBF800F8FEC2 /* ConvertSwift */; };
		87AF580A27ABBC9900F8FEC2 /* Feedback in Frameworks */ = {isa = PBXBuildFile; productRef = 87AF580927ABBC9900F8FEC2 /* Feedback */; };
		87E39CE527ABB8A1001418C5 /* Assets.xcassets in Resources */ = {isa = PBXBuildFile; fileRef = 87E39CE427ABB8A1001418C5 /* Assets.xcassets */; };
		87E39CE827ABB8A1001418C5 /* Preview Assets.xcassets in Resources */ = {isa = PBXBuildFile; fileRef = 87E39CE727ABB8A1001418C5 /* Preview Assets.xcassets */; };
		87E39D1327ABB8AE001418C5 /* TodoApp.swift in Sources */ = {isa = PBXBuildFile; fileRef = 87E39CEF27ABB8AE001418C5 /* TodoApp.swift */; };
		87E39D1427ABB8AE001418C5 /* MainFeedback.swift in Sources */ = {isa = PBXBuildFile; fileRef = 87E39CF227ABB8AE001418C5 /* MainFeedback.swift */; };
		87E39D1527ABB8AE001418C5 /* MainViewController.swift in Sources */ = {isa = PBXBuildFile; fileRef = 87E39CF327ABB8AE001418C5 /* MainViewController.swift */; };
		87E39D1627ABB8AE001418C5 /* MainReducer.swift in Sources */ = {isa = PBXBuildFile; fileRef = 87E39CF427ABB8AE001418C5 /* MainReducer.swift */; };
		87E39D1727ABB8AE001418C5 /* MainState.swift in Sources */ = {isa = PBXBuildFile; fileRef = 87E39CF527ABB8AE001418C5 /* MainState.swift */; };
		87E39D1827ABB8AE001418C5 /* MainAction.swift in Sources */ = {isa = PBXBuildFile; fileRef = 87E39CF627ABB8AE001418C5 /* MainAction.swift */; };
		87E39D1927ABB8AE001418C5 /* TodoModel.swift in Sources */ = {isa = PBXBuildFile; fileRef = 87E39CF827ABB8AE001418C5 /* TodoModel.swift */; };
		87E39D1A27ABB8AE001418C5 /* CounterReducer.swift in Sources */ = {isa = PBXBuildFile; fileRef = 87E39CFA27ABB8AE001418C5 /* CounterReducer.swift */; };
		87E39D1B27ABB8AE001418C5 /* CounterFeedback.swift in Sources */ = {isa = PBXBuildFile; fileRef = 87E39CFB27ABB8AE001418C5 /* CounterFeedback.swift */; };
		87E39D1C27ABB8AE001418C5 /* CounterState.swift in Sources */ = {isa = PBXBuildFile; fileRef = 87E39CFC27ABB8AE001418C5 /* CounterState.swift */; };
		87E39D1D27ABB8AE001418C5 /* CounterViewController.swift in Sources */ = {isa = PBXBuildFile; fileRef = 87E39CFD27ABB8AE001418C5 /* CounterViewController.swift */; };
		87E39D1E27ABB8AE001418C5 /* CounterAction.swift in Sources */ = {isa = PBXBuildFile; fileRef = 87E39CFE27ABB8AE001418C5 /* CounterAction.swift */; };
		87E39D1F27ABB8AE001418C5 /* AuthViewController.swift in Sources */ = {isa = PBXBuildFile; fileRef = 87E39D0027ABB8AE001418C5 /* AuthViewController.swift */; };
		87E39D2027ABB8AE001418C5 /* AuthState.swift in Sources */ = {isa = PBXBuildFile; fileRef = 87E39D0127ABB8AE001418C5 /* AuthState.swift */; };
		87E39D2127ABB8AE001418C5 /* AuthFeedback.swift in Sources */ = {isa = PBXBuildFile; fileRef = 87E39D0227ABB8AE001418C5 /* AuthFeedback.swift */; };
		87E39D2227ABB8AE001418C5 /* AuthReducer.swift in Sources */ = {isa = PBXBuildFile; fileRef = 87E39D0327ABB8AE001418C5 /* AuthReducer.swift */; };
		87E39D2327ABB8AE001418C5 /* AuthAction.swift in Sources */ = {isa = PBXBuildFile; fileRef = 87E39D0427ABB8AE001418C5 /* AuthAction.swift */; };
		87E39D2427ABB8AE001418C5 /* RootAction.swift in Sources */ = {isa = PBXBuildFile; fileRef = 87E39D0627ABB8AE001418C5 /* RootAction.swift */; };
		87E39D2527ABB8AE001418C5 /* RootViewController.swift in Sources */ = {isa = PBXBuildFile; fileRef = 87E39D0727ABB8AE001418C5 /* RootViewController.swift */; };
		87E39D2627ABB8AE001418C5 /* RootState.swift in Sources */ = {isa = PBXBuildFile; fileRef = 87E39D0827ABB8AE001418C5 /* RootState.swift */; };
		87E39D2727ABB8AE001418C5 /* RootReducer.swift in Sources */ = {isa = PBXBuildFile; fileRef = 87E39D0927ABB8AE001418C5 /* RootReducer.swift */; };
		87E39D2827ABB8AE001418C5 /* RootFeedback.swift in Sources */ = {isa = PBXBuildFile; fileRef = 87E39D0A27ABB8AE001418C5 /* RootFeedback.swift */; };
		87E39D2927ABB8AE001418C5 /* ButtonReloadMainTableViewCell.swift in Sources */ = {isa = PBXBuildFile; fileRef = 87E39D0C27ABB8AE001418C5 /* ButtonReloadMainTableViewCell.swift */; };
		87E39D2A27ABB8AE001418C5 /* CreateTitleMainTableViewCell.swift in Sources */ = {isa = PBXBuildFile; fileRef = 87E39D0D27ABB8AE001418C5 /* CreateTitleMainTableViewCell.swift */; };
		87E39D2B27ABB8AE001418C5 /* MainTableViewCell.swift in Sources */ = {isa = PBXBuildFile; fileRef = 87E39D0E27ABB8AE001418C5 /* MainTableViewCell.swift */; };
		87E39D2C27ABB8AE001418C5 /* BaseMainTableViewCell.swift in Sources */ = {isa = PBXBuildFile; fileRef = 87E39D1027ABB8AE001418C5 /* BaseMainTableViewCell.swift */; };
		87E39D2D27ABB8AE001418C5 /* BaseViewController.swift in Sources */ = {isa = PBXBuildFile; fileRef = 87E39D1127ABB8AE001418C5 /* BaseViewController.swift */; };
		87E39D2E27ABB8AF001418C5 /* View+.swift in Sources */ = {isa = PBXBuildFile; fileRef = 87E39D1227ABB8AE001418C5 /* View+.swift */; };
/* End PBXBuildFile section */

/* Begin PBXFileReference section */
		87E39CDD27ABB8A0001418C5 /* Todo+Feedback+UIKit.app */ = {isa = PBXFileReference; explicitFileType = wrapper.application; includeInIndex = 0; path = "Todo+Feedback+UIKit.app"; sourceTree = BUILT_PRODUCTS_DIR; };
		87E39CE427ABB8A1001418C5 /* Assets.xcassets */ = {isa = PBXFileReference; lastKnownFileType = folder.assetcatalog; path = Assets.xcassets; sourceTree = "<group>"; };
		87E39CE727ABB8A1001418C5 /* Preview Assets.xcassets */ = {isa = PBXFileReference; lastKnownFileType = folder.assetcatalog; path = "Preview Assets.xcassets"; sourceTree = "<group>"; };
		87E39CEF27ABB8AE001418C5 /* TodoApp.swift */ = {isa = PBXFileReference; fileEncoding = 4; lastKnownFileType = sourcecode.swift; path = TodoApp.swift; sourceTree = "<group>"; };
		87E39CF227ABB8AE001418C5 /* MainFeedback.swift */ = {isa = PBXFileReference; fileEncoding = 4; lastKnownFileType = sourcecode.swift; path = MainFeedback.swift; sourceTree = "<group>"; };
		87E39CF327ABB8AE001418C5 /* MainViewController.swift */ = {isa = PBXFileReference; fileEncoding = 4; lastKnownFileType = sourcecode.swift; path = MainViewController.swift; sourceTree = "<group>"; };
		87E39CF427ABB8AE001418C5 /* MainReducer.swift */ = {isa = PBXFileReference; fileEncoding = 4; lastKnownFileType = sourcecode.swift; path = MainReducer.swift; sourceTree = "<group>"; };
		87E39CF527ABB8AE001418C5 /* MainState.swift */ = {isa = PBXFileReference; fileEncoding = 4; lastKnownFileType = sourcecode.swift; path = MainState.swift; sourceTree = "<group>"; };
		87E39CF627ABB8AE001418C5 /* MainAction.swift */ = {isa = PBXFileReference; fileEncoding = 4; lastKnownFileType = sourcecode.swift; path = MainAction.swift; sourceTree = "<group>"; };
		87E39CF827ABB8AE001418C5 /* TodoModel.swift */ = {isa = PBXFileReference; fileEncoding = 4; lastKnownFileType = sourcecode.swift; path = TodoModel.swift; sourceTree = "<group>"; };
		87E39CFA27ABB8AE001418C5 /* CounterReducer.swift */ = {isa = PBXFileReference; fileEncoding = 4; lastKnownFileType = sourcecode.swift; path = CounterReducer.swift; sourceTree = "<group>"; };
		87E39CFB27ABB8AE001418C5 /* CounterFeedback.swift */ = {isa = PBXFileReference; fileEncoding = 4; lastKnownFileType = sourcecode.swift; path = CounterFeedback.swift; sourceTree = "<group>"; };
		87E39CFC27ABB8AE001418C5 /* CounterState.swift */ = {isa = PBXFileReference; fileEncoding = 4; lastKnownFileType = sourcecode.swift; path = CounterState.swift; sourceTree = "<group>"; };
		87E39CFD27ABB8AE001418C5 /* CounterViewController.swift */ = {isa = PBXFileReference; fileEncoding = 4; lastKnownFileType = sourcecode.swift; path = CounterViewController.swift; sourceTree = "<group>"; };
		87E39CFE27ABB8AE001418C5 /* CounterAction.swift */ = {isa = PBXFileReference; fileEncoding = 4; lastKnownFileType = sourcecode.swift; path = CounterAction.swift; sourceTree = "<group>"; };
		87E39D0027ABB8AE001418C5 /* AuthViewController.swift */ = {isa = PBXFileReference; fileEncoding = 4; lastKnownFileType = sourcecode.swift; path = AuthViewController.swift; sourceTree = "<group>"; };
		87E39D0127ABB8AE001418C5 /* AuthState.swift */ = {isa = PBXFileReference; fileEncoding = 4; lastKnownFileType = sourcecode.swift; path = AuthState.swift; sourceTree = "<group>"; };
		87E39D0227ABB8AE001418C5 /* AuthFeedback.swift */ = {isa = PBXFileReference; fileEncoding = 4; lastKnownFileType = sourcecode.swift; path = AuthFeedback.swift; sourceTree = "<group>"; };
		87E39D0327ABB8AE001418C5 /* AuthReducer.swift */ = {isa = PBXFileReference; fileEncoding = 4; lastKnownFileType = sourcecode.swift; path = AuthReducer.swift; sourceTree = "<group>"; };
		87E39D0427ABB8AE001418C5 /* AuthAction.swift */ = {isa = PBXFileReference; fileEncoding = 4; lastKnownFileType = sourcecode.swift; path = AuthAction.swift; sourceTree = "<group>"; };
		87E39D0627ABB8AE001418C5 /* RootAction.swift */ = {isa = PBXFileReference; fileEncoding = 4; lastKnownFileType = sourcecode.swift; path = RootAction.swift; sourceTree = "<group>"; };
		87E39D0727ABB8AE001418C5 /* RootViewController.swift */ = {isa = PBXFileReference; fileEncoding = 4; lastKnownFileType = sourcecode.swift; path = RootViewController.swift; sourceTree = "<group>"; };
		87E39D0827ABB8AE001418C5 /* RootState.swift */ = {isa = PBXFileReference; fileEncoding = 4; lastKnownFileType = sourcecode.swift; path = RootState.swift; sourceTree = "<group>"; };
		87E39D0927ABB8AE001418C5 /* RootReducer.swift */ = {isa = PBXFileReference; fileEncoding = 4; lastKnownFileType = sourcecode.swift; path = RootReducer.swift; sourceTree = "<group>"; };
		87E39D0A27ABB8AE001418C5 /* RootFeedback.swift */ = {isa = PBXFileReference; fileEncoding = 4; lastKnownFileType = sourcecode.swift; path = RootFeedback.swift; sourceTree = "<group>"; };
		87E39D0C27ABB8AE001418C5 /* ButtonReloadMainTableViewCell.swift */ = {isa = PBXFileReference; fileEncoding = 4; lastKnownFileType = sourcecode.swift; path = ButtonReloadMainTableViewCell.swift; sourceTree = "<group>"; };
		87E39D0D27ABB8AE001418C5 /* CreateTitleMainTableViewCell.swift */ = {isa = PBXFileReference; fileEncoding = 4; lastKnownFileType = sourcecode.swift; path = CreateTitleMainTableViewCell.swift; sourceTree = "<group>"; };
		87E39D0E27ABB8AE001418C5 /* MainTableViewCell.swift */ = {isa = PBXFileReference; fileEncoding = 4; lastKnownFileType = sourcecode.swift; path = MainTableViewCell.swift; sourceTree = "<group>"; };
		87E39D1027ABB8AE001418C5 /* BaseMainTableViewCell.swift */ = {isa = PBXFileReference; fileEncoding = 4; lastKnownFileType = sourcecode.swift; path = BaseMainTableViewCell.swift; sourceTree = "<group>"; };
		87E39D1127ABB8AE001418C5 /* BaseViewController.swift */ = {isa = PBXFileReference; fileEncoding = 4; lastKnownFileType = sourcecode.swift; path = BaseViewController.swift; sourceTree = "<group>"; };
		87E39D1227ABB8AE001418C5 /* View+.swift */ = {isa = PBXFileReference; fileEncoding = 4; lastKnownFileType = sourcecode.swift; path = "View+.swift"; sourceTree = "<group>"; };
/* End PBXFileReference section */

/* Begin PBXFrameworksBuildPhase section */
		87E39CDA27ABB8A0001418C5 /* Frameworks */ = {
			isa = PBXFrameworksBuildPhase;
			buildActionMask = 2147483647;
			files = (
				87AF580427ABBBE700F8FEC2 /* CombineRequest in Frameworks */,
				87AF580A27ABBC9900F8FEC2 /* Feedback in Frameworks */,
				87AF580127ABBBA800F8FEC2 /* CombineCocoa in Frameworks */,
				87AF580727ABBBF800F8FEC2 /* ConvertSwift in Frameworks */,
			);
			runOnlyForDeploymentPostprocessing = 0;
		};
/* End PBXFrameworksBuildPhase section */

/* Begin PBXGroup section */
		87AF580827ABBC9900F8FEC2 /* Frameworks */ = {
			isa = PBXGroup;
			children = (
			);
			name = Frameworks;
			sourceTree = "<group>";
		};
		87AF580B27ABBD3F00F8FEC2 /* AppScreens */ = {
			isa = PBXGroup;
			children = (
				87E39D0527ABB8AE001418C5 /* RootScreen */,
				87E39CF127ABB8AE001418C5 /* MainScreen */,
				87E39CFF27ABB8AE001418C5 /* AuthScreen */,
				87E39CF927ABB8AE001418C5 /* CounterScreen */,
			);
			path = AppScreens;
			sourceTree = "<group>";
		};
		87E39CD427ABB8A0001418C5 = {
			isa = PBXGroup;
			children = (
				87E39CDF27ABB8A0001418C5 /* Todo+Feedback+UIKit */,
				87E39CDE27ABB8A0001418C5 /* Products */,
				87AF580827ABBC9900F8FEC2 /* Frameworks */,
			);
			sourceTree = "<group>";
		};
		87E39CDE27ABB8A0001418C5 /* Products */ = {
			isa = PBXGroup;
			children = (
				87E39CDD27ABB8A0001418C5 /* Todo+Feedback+UIKit.app */,
			);
			name = Products;
			sourceTree = "<group>";
		};
		87E39CDF27ABB8A0001418C5 /* Todo+Feedback+UIKit */ = {
			isa = PBXGroup;
			children = (
				87E39CEE27ABB8AE001418C5 /* CoreApp */,
				87E39CE427ABB8A1001418C5 /* Assets.xcassets */,
				87E39CE627ABB8A1001418C5 /* Preview Content */,
			);
			path = "Todo+Feedback+UIKit";
			sourceTree = "<group>";
		};
		87E39CE627ABB8A1001418C5 /* Preview Content */ = {
			isa = PBXGroup;
			children = (
				87E39CE727ABB8A1001418C5 /* Preview Assets.xcassets */,
			);
			path = "Preview Content";
			sourceTree = "<group>";
		};
		87E39CEE27ABB8AE001418C5 /* CoreApp */ = {
			isa = PBXGroup;
			children = (
				87E39CEF27ABB8AE001418C5 /* TodoApp.swift */,
				87E39CF027ABB8AE001418C5 /* TodoApp */,
			);
			path = CoreApp;
			sourceTree = "<group>";
		};
		87E39CF027ABB8AE001418C5 /* TodoApp */ = {
			isa = PBXGroup;
			children = (
				87E39CF727ABB8AE001418C5 /* Models */,
				87AF580B27ABBD3F00F8FEC2 /* AppScreens */,
				87E39D0B27ABB8AE001418C5 /* Views */,
				87E39D0F27ABB8AE001418C5 /* View+ */,
			);
			path = TodoApp;
			sourceTree = "<group>";
		};
		87E39CF127ABB8AE001418C5 /* MainScreen */ = {
			isa = PBXGroup;
			children = (
				87E39CF327ABB8AE001418C5 /* MainViewController.swift */,
				87E39CF527ABB8AE001418C5 /* MainState.swift */,
				87E39CF627ABB8AE001418C5 /* MainAction.swift */,
				87E39CF427ABB8AE001418C5 /* MainReducer.swift */,
				87E39CF227ABB8AE001418C5 /* MainFeedback.swift */,
			);
			path = MainScreen;
			sourceTree = "<group>";
		};
		87E39CF727ABB8AE001418C5 /* Models */ = {
			isa = PBXGroup;
			children = (
				87E39CF827ABB8AE001418C5 /* TodoModel.swift */,
			);
			path = Models;
			sourceTree = "<group>";
		};
		87E39CF927ABB8AE001418C5 /* CounterScreen */ = {
			isa = PBXGroup;
			children = (
				87E39CFD27ABB8AE001418C5 /* CounterViewController.swift */,
				87E39CFC27ABB8AE001418C5 /* CounterState.swift */,
				87E39CFE27ABB8AE001418C5 /* CounterAction.swift */,
				87E39CFA27ABB8AE001418C5 /* CounterReducer.swift */,
				87E39CFB27ABB8AE001418C5 /* CounterFeedback.swift */,
			);
			path = CounterScreen;
			sourceTree = "<group>";
		};
		87E39CFF27ABB8AE001418C5 /* AuthScreen */ = {
			isa = PBXGroup;
			children = (
				87E39D0027ABB8AE001418C5 /* AuthViewController.swift */,
				87E39D0127ABB8AE001418C5 /* AuthState.swift */,
				87E39D0427ABB8AE001418C5 /* AuthAction.swift */,
				87E39D0327ABB8AE001418C5 /* AuthReducer.swift */,
				87E39D0227ABB8AE001418C5 /* AuthFeedback.swift */,
			);
			path = AuthScreen;
			sourceTree = "<group>";
		};
		87E39D0527ABB8AE001418C5 /* RootScreen */ = {
			isa = PBXGroup;
			children = (
				87E39D0727ABB8AE001418C5 /* RootViewController.swift */,
				87E39D0827ABB8AE001418C5 /* RootState.swift */,
				87E39D0627ABB8AE001418C5 /* RootAction.swift */,
				87E39D0927ABB8AE001418C5 /* RootReducer.swift */,
				87E39D0A27ABB8AE001418C5 /* RootFeedback.swift */,
			);
			path = RootScreen;
			sourceTree = "<group>";
		};
		87E39D0B27ABB8AE001418C5 /* Views */ = {
			isa = PBXGroup;
			children = (
				87E39D0C27ABB8AE001418C5 /* ButtonReloadMainTableViewCell.swift */,
				87E39D0D27ABB8AE001418C5 /* CreateTitleMainTableViewCell.swift */,
				87E39D0E27ABB8AE001418C5 /* MainTableViewCell.swift */,
			);
			path = Views;
			sourceTree = "<group>";
		};
		87E39D0F27ABB8AE001418C5 /* View+ */ = {
			isa = PBXGroup;
			children = (
				87E39D1027ABB8AE001418C5 /* BaseMainTableViewCell.swift */,
				87E39D1127ABB8AE001418C5 /* BaseViewController.swift */,
				87E39D1227ABB8AE001418C5 /* View+.swift */,
			);
			path = "View+";
			sourceTree = "<group>";
		};
/* End PBXGroup section */

/* Begin PBXNativeTarget section */
		87E39CDC27ABB8A0001418C5 /* Todo+Feedback+UIKit */ = {
			isa = PBXNativeTarget;
			buildConfigurationList = 87E39CEB27ABB8A1001418C5 /* Build configuration list for PBXNativeTarget "Todo+Feedback+UIKit" */;
			buildPhases = (
				87E39CD927ABB8A0001418C5 /* Sources */,
				87E39CDA27ABB8A0001418C5 /* Frameworks */,
				87E39CDB27ABB8A0001418C5 /* Resources */,
			);
			buildRules = (
			);
			dependencies = (
			);
			name = "Todo+Feedback+UIKit";
			packageProductDependencies = (
				87AF580027ABBBA800F8FEC2 /* CombineCocoa */,
				87AF580327ABBBE700F8FEC2 /* CombineRequest */,
				87AF580627ABBBF800F8FEC2 /* ConvertSwift */,
				87AF580927ABBC9900F8FEC2 /* Feedback */,
			);
			productName = "Todo+Feedback+UIKit";
			productReference = 87E39CDD27ABB8A0001418C5 /* Todo+Feedback+UIKit.app */;
			productType = "com.apple.product-type.application";
		};
/* End PBXNativeTarget section */

/* Begin PBXProject section */
		87E39CD527ABB8A0001418C5 /* Project object */ = {
			isa = PBXProject;
			attributes = {
				BuildIndependentTargetsInParallel = 1;
				LastSwiftUpdateCheck = 1320;
				LastUpgradeCheck = 1320;
				TargetAttributes = {
					87E39CDC27ABB8A0001418C5 = {
						CreatedOnToolsVersion = 13.2.1;
					};
				};
			};
			buildConfigurationList = 87E39CD827ABB8A0001418C5 /* Build configuration list for PBXProject "Todo+Feedback+UIKit" */;
			compatibilityVersion = "Xcode 13.0";
			developmentRegion = en;
			hasScannedForEncodings = 0;
			knownRegions = (
				en,
				Base,
			);
			mainGroup = 87E39CD427ABB8A0001418C5;
			packageReferences = (
				87AF57FF27ABBBA800F8FEC2 /* XCRemoteSwiftPackageReference "CombineCocoa" */,
				87AF580227ABBBE700F8FEC2 /* XCRemoteSwiftPackageReference "Networking" */,
				87AF580527ABBBF800F8FEC2 /* XCRemoteSwiftPackageReference "SwiftExtension" */,
			);
			productRefGroup = 87E39CDE27ABB8A0001418C5 /* Products */;
			projectDirPath = "";
			projectRoot = "";
			targets = (
				87E39CDC27ABB8A0001418C5 /* Todo+Feedback+UIKit */,
			);
		};
/* End PBXProject section */

/* Begin PBXResourcesBuildPhase section */
		87E39CDB27ABB8A0001418C5 /* Resources */ = {
			isa = PBXResourcesBuildPhase;
			buildActionMask = 2147483647;
			files = (
				87E39CE827ABB8A1001418C5 /* Preview Assets.xcassets in Resources */,
				87E39CE527ABB8A1001418C5 /* Assets.xcassets in Resources */,
			);
			runOnlyForDeploymentPostprocessing = 0;
		};
/* End PBXResourcesBuildPhase section */

/* Begin PBXSourcesBuildPhase section */
		87E39CD927ABB8A0001418C5 /* Sources */ = {
			isa = PBXSourcesBuildPhase;
			buildActionMask = 2147483647;
			files = (
				87E39D2B27ABB8AE001418C5 /* MainTableViewCell.swift in Sources */,
				87E39D1E27ABB8AE001418C5 /* CounterAction.swift in Sources */,
				87E39D2327ABB8AE001418C5 /* AuthAction.swift in Sources */,
				87E39D2227ABB8AE001418C5 /* AuthReducer.swift in Sources */,
				87E39D2D27ABB8AE001418C5 /* BaseViewController.swift in Sources */,
				87E39D2627ABB8AE001418C5 /* RootState.swift in Sources */,
				87E39D2A27ABB8AE001418C5 /* CreateTitleMainTableViewCell.swift in Sources */,
				87E39D1927ABB8AE001418C5 /* TodoModel.swift in Sources */,
				87E39D2427ABB8AE001418C5 /* RootAction.swift in Sources */,
				87E39D1C27ABB8AE001418C5 /* CounterState.swift in Sources */,
				87E39D2127ABB8AE001418C5 /* AuthFeedback.swift in Sources */,
				87E39D2E27ABB8AF001418C5 /* View+.swift in Sources */,
				87E39D2927ABB8AE001418C5 /* ButtonReloadMainTableViewCell.swift in Sources */,
				87E39D1327ABB8AE001418C5 /* TodoApp.swift in Sources */,
				87E39D2827ABB8AE001418C5 /* RootFeedback.swift in Sources */,
				87E39D2727ABB8AE001418C5 /* RootReducer.swift in Sources */,
				87E39D1827ABB8AE001418C5 /* MainAction.swift in Sources */,
				87E39D2527ABB8AE001418C5 /* RootViewController.swift in Sources */,
				87E39D1A27ABB8AE001418C5 /* CounterReducer.swift in Sources */,
				87E39D2027ABB8AE001418C5 /* AuthState.swift in Sources */,
				87E39D1427ABB8AE001418C5 /* MainFeedback.swift in Sources */,
				87E39D1527ABB8AE001418C5 /* MainViewController.swift in Sources */,
				87E39D1727ABB8AE001418C5 /* MainState.swift in Sources */,
				87E39D1F27ABB8AE001418C5 /* AuthViewController.swift in Sources */,
				87E39D1D27ABB8AE001418C5 /* CounterViewController.swift in Sources */,
				87E39D2C27ABB8AE001418C5 /* BaseMainTableViewCell.swift in Sources */,
				87E39D1627ABB8AE001418C5 /* MainReducer.swift in Sources */,
				87E39D1B27ABB8AE001418C5 /* CounterFeedback.swift in Sources */,
			);
			runOnlyForDeploymentPostprocessing = 0;
		};
/* End PBXSourcesBuildPhase section */

/* Begin XCBuildConfiguration section */
		87E39CE927ABB8A1001418C5 /* Debug */ = {
			isa = XCBuildConfiguration;
			buildSettings = {
				ALWAYS_SEARCH_USER_PATHS = NO;
				CLANG_ANALYZER_NONNULL = YES;
				CLANG_ANALYZER_NUMBER_OBJECT_CONVERSION = YES_AGGRESSIVE;
				CLANG_CXX_LANGUAGE_STANDARD = "gnu++17";
				CLANG_CXX_LIBRARY = "libc++";
				CLANG_ENABLE_MODULES = YES;
				CLANG_ENABLE_OBJC_ARC = YES;
				CLANG_ENABLE_OBJC_WEAK = YES;
				CLANG_WARN_BLOCK_CAPTURE_AUTORELEASING = YES;
				CLANG_WARN_BOOL_CONVERSION = YES;
				CLANG_WARN_COMMA = YES;
				CLANG_WARN_CONSTANT_CONVERSION = YES;
				CLANG_WARN_DEPRECATED_OBJC_IMPLEMENTATIONS = YES;
				CLANG_WARN_DIRECT_OBJC_ISA_USAGE = YES_ERROR;
				CLANG_WARN_DOCUMENTATION_COMMENTS = YES;
				CLANG_WARN_EMPTY_BODY = YES;
				CLANG_WARN_ENUM_CONVERSION = YES;
				CLANG_WARN_INFINITE_RECURSION = YES;
				CLANG_WARN_INT_CONVERSION = YES;
				CLANG_WARN_NON_LITERAL_NULL_CONVERSION = YES;
				CLANG_WARN_OBJC_IMPLICIT_RETAIN_SELF = YES;
				CLANG_WARN_OBJC_LITERAL_CONVERSION = YES;
				CLANG_WARN_OBJC_ROOT_CLASS = YES_ERROR;
				CLANG_WARN_QUOTED_INCLUDE_IN_FRAMEWORK_HEADER = YES;
				CLANG_WARN_RANGE_LOOP_ANALYSIS = YES;
				CLANG_WARN_STRICT_PROTOTYPES = YES;
				CLANG_WARN_SUSPICIOUS_MOVE = YES;
				CLANG_WARN_UNGUARDED_AVAILABILITY = YES_AGGRESSIVE;
				CLANG_WARN_UNREACHABLE_CODE = YES;
				CLANG_WARN__DUPLICATE_METHOD_MATCH = YES;
				COPY_PHASE_STRIP = NO;
				DEBUG_INFORMATION_FORMAT = dwarf;
				ENABLE_STRICT_OBJC_MSGSEND = YES;
				ENABLE_TESTABILITY = YES;
				GCC_C_LANGUAGE_STANDARD = gnu11;
				GCC_DYNAMIC_NO_PIC = NO;
				GCC_NO_COMMON_BLOCKS = YES;
				GCC_OPTIMIZATION_LEVEL = 0;
				GCC_PREPROCESSOR_DEFINITIONS = (
					"DEBUG=1",
					"$(inherited)",
				);
				GCC_WARN_64_TO_32_BIT_CONVERSION = YES;
				GCC_WARN_ABOUT_RETURN_TYPE = YES_ERROR;
				GCC_WARN_UNDECLARED_SELECTOR = YES;
				GCC_WARN_UNINITIALIZED_AUTOS = YES_AGGRESSIVE;
				GCC_WARN_UNUSED_FUNCTION = YES;
				GCC_WARN_UNUSED_VARIABLE = YES;
				IPHONEOS_DEPLOYMENT_TARGET = 15.2;
				MTL_ENABLE_DEBUG_INFO = INCLUDE_SOURCE;
				MTL_FAST_MATH = YES;
				ONLY_ACTIVE_ARCH = YES;
				SDKROOT = iphoneos;
				SWIFT_ACTIVE_COMPILATION_CONDITIONS = DEBUG;
				SWIFT_OPTIMIZATION_LEVEL = "-Onone";
			};
			name = Debug;
		};
		87E39CEA27ABB8A1001418C5 /* Release */ = {
			isa = XCBuildConfiguration;
			buildSettings = {
				ALWAYS_SEARCH_USER_PATHS = NO;
				CLANG_ANALYZER_NONNULL = YES;
				CLANG_ANALYZER_NUMBER_OBJECT_CONVERSION = YES_AGGRESSIVE;
				CLANG_CXX_LANGUAGE_STANDARD = "gnu++17";
				CLANG_CXX_LIBRARY = "libc++";
				CLANG_ENABLE_MODULES = YES;
				CLANG_ENABLE_OBJC_ARC = YES;
				CLANG_ENABLE_OBJC_WEAK = YES;
				CLANG_WARN_BLOCK_CAPTURE_AUTORELEASING = YES;
				CLANG_WARN_BOOL_CONVERSION = YES;
				CLANG_WARN_COMMA = YES;
				CLANG_WARN_CONSTANT_CONVERSION = YES;
				CLANG_WARN_DEPRECATED_OBJC_IMPLEMENTATIONS = YES;
				CLANG_WARN_DIRECT_OBJC_ISA_USAGE = YES_ERROR;
				CLANG_WARN_DOCUMENTATION_COMMENTS = YES;
				CLANG_WARN_EMPTY_BODY = YES;
				CLANG_WARN_ENUM_CONVERSION = YES;
				CLANG_WARN_INFINITE_RECURSION = YES;
				CLANG_WARN_INT_CONVERSION = YES;
				CLANG_WARN_NON_LITERAL_NULL_CONVERSION = YES;
				CLANG_WARN_OBJC_IMPLICIT_RETAIN_SELF = YES;
				CLANG_WARN_OBJC_LITERAL_CONVERSION = YES;
				CLANG_WARN_OBJC_ROOT_CLASS = YES_ERROR;
				CLANG_WARN_QUOTED_INCLUDE_IN_FRAMEWORK_HEADER = YES;
				CLANG_WARN_RANGE_LOOP_ANALYSIS = YES;
				CLANG_WARN_STRICT_PROTOTYPES = YES;
				CLANG_WARN_SUSPICIOUS_MOVE = YES;
				CLANG_WARN_UNGUARDED_AVAILABILITY = YES_AGGRESSIVE;
				CLANG_WARN_UNREACHABLE_CODE = YES;
				CLANG_WARN__DUPLICATE_METHOD_MATCH = YES;
				COPY_PHASE_STRIP = NO;
				DEBUG_INFORMATION_FORMAT = "dwarf-with-dsym";
				ENABLE_NS_ASSERTIONS = NO;
				ENABLE_STRICT_OBJC_MSGSEND = YES;
				GCC_C_LANGUAGE_STANDARD = gnu11;
				GCC_NO_COMMON_BLOCKS = YES;
				GCC_WARN_64_TO_32_BIT_CONVERSION = YES;
				GCC_WARN_ABOUT_RETURN_TYPE = YES_ERROR;
				GCC_WARN_UNDECLARED_SELECTOR = YES;
				GCC_WARN_UNINITIALIZED_AUTOS = YES_AGGRESSIVE;
				GCC_WARN_UNUSED_FUNCTION = YES;
				GCC_WARN_UNUSED_VARIABLE = YES;
				IPHONEOS_DEPLOYMENT_TARGET = 15.2;
				MTL_ENABLE_DEBUG_INFO = NO;
				MTL_FAST_MATH = YES;
				SDKROOT = iphoneos;
				SWIFT_COMPILATION_MODE = wholemodule;
				SWIFT_OPTIMIZATION_LEVEL = "-O";
				VALIDATE_PRODUCT = YES;
			};
			name = Release;
		};
		87E39CEC27ABB8A1001418C5 /* Debug */ = {
			isa = XCBuildConfiguration;
			buildSettings = {
				ASSETCATALOG_COMPILER_APPICON_NAME = AppIcon;
				ASSETCATALOG_COMPILER_GLOBAL_ACCENT_COLOR_NAME = AccentColor;
				CODE_SIGN_STYLE = Automatic;
				CURRENT_PROJECT_VERSION = 1;
				DEVELOPMENT_ASSET_PATHS = "\"Todo+Feedback+UIKit/Preview Content\"";
				DEVELOPMENT_TEAM = 2H5PN3F9B6;
				ENABLE_PREVIEWS = YES;
				GENERATE_INFOPLIST_FILE = YES;
				INFOPLIST_KEY_UIApplicationSceneManifest_Generation = YES;
				INFOPLIST_KEY_UIApplicationSupportsIndirectInputEvents = YES;
				INFOPLIST_KEY_UILaunchScreen_Generation = YES;
				INFOPLIST_KEY_UISupportedInterfaceOrientations_iPad = "UIInterfaceOrientationPortrait UIInterfaceOrientationPortraitUpsideDown UIInterfaceOrientationLandscapeLeft UIInterfaceOrientationLandscapeRight";
				INFOPLIST_KEY_UISupportedInterfaceOrientations_iPhone = "UIInterfaceOrientationPortrait UIInterfaceOrientationLandscapeLeft UIInterfaceOrientationLandscapeRight";
				LD_RUNPATH_SEARCH_PATHS = (
					"$(inherited)",
					"@executable_path/Frameworks",
				);
				MARKETING_VERSION = 1.0;
				PRODUCT_BUNDLE_IDENTIFIER = "mike.fullstackswift.Todo-Feedback-UIKit";
				PRODUCT_NAME = "$(TARGET_NAME)";
				SWIFT_EMIT_LOC_STRINGS = YES;
				SWIFT_VERSION = 5.0;
				TARGETED_DEVICE_FAMILY = "1,2";
			};
			name = Debug;
		};
		87E39CED27ABB8A1001418C5 /* Release */ = {
			isa = XCBuildConfiguration;
			buildSettings = {
				ASSETCATALOG_COMPILER_APPICON_NAME = AppIcon;
				ASSETCATALOG_COMPILER_GLOBAL_ACCENT_COLOR_NAME = AccentColor;
				CODE_SIGN_STYLE = Automatic;
				CURRENT_PROJECT_VERSION = 1;
				DEVELOPMENT_ASSET_PATHS = "\"Todo+Feedback+UIKit/Preview Content\"";
				DEVELOPMENT_TEAM = 2H5PN3F9B6;
				ENABLE_PREVIEWS = YES;
				GENERATE_INFOPLIST_FILE = YES;
				INFOPLIST_KEY_UIApplicationSceneManifest_Generation = YES;
				INFOPLIST_KEY_UIApplicationSupportsIndirectInputEvents = YES;
				INFOPLIST_KEY_UILaunchScreen_Generation = YES;
				INFOPLIST_KEY_UISupportedInterfaceOrientations_iPad = "UIInterfaceOrientationPortrait UIInterfaceOrientationPortraitUpsideDown UIInterfaceOrientationLandscapeLeft UIInterfaceOrientationLandscapeRight";
				INFOPLIST_KEY_UISupportedInterfaceOrientations_iPhone = "UIInterfaceOrientationPortrait UIInterfaceOrientationLandscapeLeft UIInterfaceOrientationLandscapeRight";
				LD_RUNPATH_SEARCH_PATHS = (
					"$(inherited)",
					"@executable_path/Frameworks",
				);
				MARKETING_VERSION = 1.0;
				PRODUCT_BUNDLE_IDENTIFIER = "mike.fullstackswift.Todo-Feedback-UIKit";
				PRODUCT_NAME = "$(TARGET_NAME)";
				SWIFT_EMIT_LOC_STRINGS = YES;
				SWIFT_VERSION = 5.0;
				TARGETED_DEVICE_FAMILY = "1,2";
			};
			name = Release;
		};
/* End XCBuildConfiguration section */

/* Begin XCConfigurationList section */
		87E39CD827ABB8A0001418C5 /* Build configuration list for PBXProject "Todo+Feedback+UIKit" */ = {
			isa = XCConfigurationList;
			buildConfigurations = (
				87E39CE927ABB8A1001418C5 /* Debug */,
				87E39CEA27ABB8A1001418C5 /* Release */,
			);
			defaultConfigurationIsVisible = 0;
			defaultConfigurationName = Release;
		};
		87E39CEB27ABB8A1001418C5 /* Build configuration list for PBXNativeTarget "Todo+Feedback+UIKit" */ = {
			isa = XCConfigurationList;
			buildConfigurations = (
				87E39CEC27ABB8A1001418C5 /* Debug */,
				87E39CED27ABB8A1001418C5 /* Release */,
			);
			defaultConfigurationIsVisible = 0;
			defaultConfigurationName = Release;
		};
/* End XCConfigurationList section */

/* Begin XCRemoteSwiftPackageReference section */
		87AF57FF27ABBBA800F8FEC2 /* XCRemoteSwiftPackageReference "CombineCocoa" */ = {
			isa = XCRemoteSwiftPackageReference;
			repositoryURL = "https://github.com/CombineCommunity/CombineCocoa";
			requirement = {
				kind = exactVersion;
				version = 0.4.0;
			};
		};
		87AF580227ABBBE700F8FEC2 /* XCRemoteSwiftPackageReference "Networking" */ = {
			isa = XCRemoteSwiftPackageReference;
			repositoryURL = "https://github.com/FullStack-Swift/Networking";
			requirement = {
				kind = exactVersion;
				version = 1.0.0;
			};
		};
		87AF580527ABBBF800F8FEC2 /* XCRemoteSwiftPackageReference "SwiftExtension" */ = {
			isa = XCRemoteSwiftPackageReference;
			repositoryURL = "https://github.com/FullStack-Swift/SwiftExtension";
			requirement = {
				kind = exactVersion;
				version = 1.0.0;
			};
		};
/* End XCRemoteSwiftPackageReference section */

/* Begin XCSwiftPackageProductDependency section */
		87AF580027ABBBA800F8FEC2 /* CombineCocoa */ = {
			isa = XCSwiftPackageProductDependency;
			package = 87AF57FF27ABBBA800F8FEC2 /* XCRemoteSwiftPackageReference "CombineCocoa" */;
			productName = CombineCocoa;
		};
		87AF580327ABBBE700F8FEC2 /* CombineRequest */ = {
			isa = XCSwiftPackageProductDependency;
			package = 87AF580227ABBBE700F8FEC2 /* XCRemoteSwiftPackageReference "Networking" */;
			productName = CombineRequest;
		};
		87AF580627ABBBF800F8FEC2 /* ConvertSwift */ = {
			isa = XCSwiftPackageProductDependency;
			package = 87AF580527ABBBF800F8FEC2 /* XCRemoteSwiftPackageReference "SwiftExtension" */;
			productName = ConvertSwift;
		};
		87AF580927ABBC9900F8FEC2 /* Feedback */ = {
			isa = XCSwiftPackageProductDependency;
			productName = Feedback;
		};
/* End XCSwiftPackageProductDependency section */
	};
	rootObject = 87E39CD527ABB8A0001418C5 /* Project object */;
}
